
Microsoft Visual Studio Solution File, Format Version 12.00
# Visual Studio 15
VisualStudioVersion = 15.0.28010.2046
MinimumVisualStudioVersion = 10.0.40219.1
Project("{8BC9CEB8-8B4A-11D0-8D11-00A0C91BC942}") = "lab00-1", "lab00-1\lab00-1.vcxproj", "{B578C761-6AA0-4200-9CD1-C1992AA3A904}"
EndProject
Project("{8BC9CEB8-8B4A-11D0-8D11-00A0C91BC942}") = "lab00-2", "lab00-2\lab00-2.vcxproj", "{5CC9DE77-9DB5-4D50-859C-E1A09B7C7230}"
EndProject
Project("{8BC9CEB8-8B4A-11D0-8D11-00A0C91BC942}") = "lab00-3", "lab00-3\lab00-3.vcxproj", "{56CAD100-8820-490F-B56F-8214515C6553}"
EndProject
Global
	GlobalSection(SolutionConfigurationPlatforms) = preSolution
		Debug|x64 = Debug|x64
		Debug|x86 = Debug|x86
		Release|x64 = Release|x64
		Release|x86 = Release|x86
	EndGlobalSection
	GlobalSection(ProjectConfigurationPlatforms) = postSolution
		{B578C761-6AA0-4200-9CD1-C1992AA3A904}.Debug|x64.ActiveCfg = Debug|x64
		{B578C761-6AA0-4200-9CD1-C1992AA3A904}.Debug|x64.Build.0 = Debug|x64
		{B578C761-6AA0-4200-9CD1-C1992AA3A904}.Debug|x86.ActiveCfg = Debug|Win32
		{B578C761-6AA0-4200-9CD1-C1992AA3A904}.Debug|x86.Build.0 = Debug|Win32
		{B578C761-6AA0-4200-9CD1-C1992AA3A904}.Release|x64.ActiveCfg = Release|x64
		{B578C761-6AA0-4200-9CD1-C1992AA3A904}.Release|x64.Build.0 = Release|x64
		{B578C761-6AA0-4200-9CD1-C1992AA3A904}.Release|x86.ActiveCfg = Release|Win32
		{B578C761-6AA0-4200-9CD1-C1992AA3A904}.Release|x86.Build.0 = Release|Win32
		{5CC9DE77-9DB5-4D50-859C-E1A09B7C7230}.Debug|x64.ActiveCfg = Debug|x64
		{5CC9DE77-9DB5-4D50-859C-E1A09B7C7230}.Debug|x64.Build.0 = Debug|x64
		{5CC9DE77-9DB5-4D50-859C-E1A09B7C7230}.Debug|x86.ActiveCfg = Debug|Win32
		{5CC9DE77-9DB5-4D50-859C-E1A09B7C7230}.Debug|x86.Build.0 = Debug|Win32
		{5CC9DE77-9DB5-4D50-859C-E1A09B7C7230}.Release|x64.ActiveCfg = Release|x64
		{5CC9DE77-9DB5-4D50-859C-E1A09B7C7230}.Release|x64.Build.0 = Release|x64
		{5CC9DE77-9DB5-4D50-859C-E1A09B7C7230}.Release|x86.ActiveCfg = Release|Win32
		{5CC9DE77-9DB5-4D50-859C-E1A09B7C7230}.Release|x86.Build.0 = Release|Win32
		{56CAD100-8820-490F-B56F-8214515C6553}.Debug|x64.ActiveCfg = Debug|x64
		{56CAD100-8820-490F-B56F-8214515C6553}.Debug|x64.Build.0 = Debug|x64
		{56CAD100-8820-490F-B56F-8214515C6553}.Debug|x86.ActiveCfg = Debug|Win32
		{56CAD100-8820-490F-B56F-8214515C6553}.Debug|x86.Build.0 = Debug|Win32
		{56CAD100-8820-490F-B56F-8214515C6553}.Release|x64.ActiveCfg = Release|x64
		{56CAD100-8820-490F-B56F-8214515C6553}.Release|x64.Build.0 = Release|x64
		{56CAD100-8820-490F-B56F-8214515C6553}.Release|x86.ActiveCfg = Release|Win32
		{56CAD100-8820-490F-B56F-8214515C6553}.Release|x86.Build.0 = Release|Win32
	EndGlobalSection
	GlobalSection(SolutionProperties) = preSolution
		HideSolutionNode = FALSE
	EndGlobalSection
	GlobalSection(ExtensibilityGlobals) = postSolution
		SolutionGuid = {7603AD1B-AF14-4CE6-899E-6EEDF3FA59A6}
	EndGlobalSection
EndGlobal
